
Microsoft Visual Studio Solution File, Format Version 12.00
# Visual Studio 15
Project("{FAE04EC0-301F-11D3-BF4B-00C04F79EFBC}") = "Assembly-CSharp-Editor", "Assembly-CSharp-Editor.csproj", "{C3B5B274-2253-391E-DEC1-7F81316F2943}"
EndProject
Project("{FAE04EC0-301F-11D3-BF4B-00C04F79EFBC}") = "Assembly-CSharp", "Assembly-CSharp.csproj", "{A76862E7-B460-E578-2F91-DB3816C569DC}"
EndProject
Global
	GlobalSection(SolutionConfigurationPlatforms) = preSolution
		Debug|Any CPU = Debug|Any CPU
		Release|Any CPU = Release|Any CPU
	EndGlobalSection
	GlobalSection(ProjectConfigurationPlatforms) = postSolution
		{C3B5B274-2253-391E-DEC1-7F81316F2943}.Debug|Any CPU.ActiveCfg = Debug|Any CPU
		{C3B5B274-2253-391E-DEC1-7F81316F2943}.Debug|Any CPU.Build.0 = Debug|Any CPU
		{C3B5B274-2253-391E-DEC1-7F81316F2943}.Release|Any CPU.ActiveCfg = Release|Any CPU
		{C3B5B274-2253-391E-DEC1-7F81316F2943}.Release|Any CPU.Build.0 = Release|Any CPU
		{A76862E7-B460-E578-2F91-DB3816C569DC}.Debug|Any CPU.ActiveCfg = Debug|Any CPU
		{A76862E7-B460-E578-2F91-DB3816C569DC}.Debug|Any CPU.Build.0 = Debug|Any CPU
		{A76862E7-B460-E578-2F91-DB3816C569DC}.Release|Any CPU.ActiveCfg = Release|Any CPU
		{A76862E7-B460-E578-2F91-DB3816C569DC}.Release|Any CPU.Build.0 = Release|Any CPU
	EndGlobalSection
	GlobalSection(SolutionProperties) = preSolution
		HideSolutionNode = FALSE
	EndGlobalSection
EndGlobal
